
Microsoft Visual Studio Solution File, Format Version 12.00
# Visual Studio Version 17
VisualStudioVersion = 17.2.32630.192
MinimumVisualStudioVersion = 10.0.40219.1
Project("{9A19103F-16F7-4668-BE54-9A1E7A4F7556}") = "F10Y.Z0003.Construction", "F10Y.Z0003.Construction\F10Y.Z0003.Construction.csproj", "{279BEE7F-90C4-48B4-B822-CB36F8375861}"
EndProject
Project("{9A19103F-16F7-4668-BE54-9A1E7A4F7556}") = "F10Y.Z0003", "F10Y.Z0003\F10Y.Z0003.csproj", "{92732A1E-218D-42D5-B513-1B9937200925}"
EndProject
Global
	GlobalSection(SolutionConfigurationPlatforms) = preSolution
		Debug|Any CPU = Debug|Any CPU
		Release|Any CPU = Release|Any CPU
	EndGlobalSection
	GlobalSection(ProjectConfigurationPlatforms) = postSolution
		{279BEE7F-90C4-48B4-B822-CB36F8375861}.Debug|Any CPU.ActiveCfg = Debug|Any CPU
		{279BEE7F-90C4-48B4-B822-CB36F8375861}.Debug|Any CPU.Build.0 = Debug|Any CPU
		{279BEE7F-90C4-48B4-B822-CB36F8375861}.Release|Any CPU.ActiveCfg = Release|Any CPU
		{279BEE7F-90C4-48B4-B822-CB36F8375861}.Release|Any CPU.Build.0 = Release|Any CPU
		{92732A1E-218D-42D5-B513-1B9937200925}.Debug|Any CPU.ActiveCfg = Debug|Any CPU
		{92732A1E-218D-42D5-B513-1B9937200925}.Debug|Any CPU.Build.0 = Debug|Any CPU
		{92732A1E-218D-42D5-B513-1B9937200925}.Release|Any CPU.ActiveCfg = Release|Any CPU
		{92732A1E-218D-42D5-B513-1B9937200925}.Release|Any CPU.Build.0 = Release|Any CPU
	EndGlobalSection
	GlobalSection(SolutionProperties) = preSolution
		HideSolutionNode = FALSE
	EndGlobalSection
	GlobalSection(ExtensibilityGlobals) = postSolution
		SolutionGuid = {581307F6-A7A2-496D-AA77-B10AB03C1274}
	EndGlobalSection
EndGlobal
