
Microsoft Visual Studio Solution File, Format Version 12.00
# Visual Studio Version 17
VisualStudioVersion = 17.2.32630.192
MinimumVisualStudioVersion = 10.0.40219.1
Project("{9A19103F-16F7-4668-BE54-9A1E7A4F7556}") = "F10Y.Z0003.Construction", "F10Y.Z0003.Construction\F10Y.Z0003.Construction.csproj", "{279BEE7F-90C4-48B4-B822-CB36F8375861}"
EndProject
Project("{9A19103F-16F7-4668-BE54-9A1E7A4F7556}") = "F10Y.Z0003", "F10Y.Z0003\F10Y.Z0003.csproj", "{92732A1E-218D-42D5-B513-1B9937200925}"
EndProject
Project("{9A19103F-16F7-4668-BE54-9A1E7A4F7556}") = "F10Y.Z0003.Z000", "F10Y.Z0003.Z000\F10Y.Z0003.Z000.csproj", "{8E326270-CD24-4C57-B121-EA84A15EDFC2}"
EndProject
Project("{2150E333-8FDC-42A3-9474-1A3956D46DE8}") = "_Dependencies", "_Dependencies", "{D53EC9FE-D1DC-4A72-9BC1-5CCB460EA62F}"
EndProject
Project("{9A19103F-16F7-4668-BE54-9A1E7A4F7556}") = "F10Y.L0000", "..\..\F10Y.L0000\source\F10Y.L0000\F10Y.L0000.csproj", "{A97DD525-679B-4F42-ACFF-5AD10F088ED9}"
EndProject
Project("{9A19103F-16F7-4668-BE54-9A1E7A4F7556}") = "F10Y.T0000", "..\..\F10Y.T0000\source\F10Y.T0000\F10Y.T0000.csproj", "{8C9E647E-AFA7-4402-A0CA-7678DD1670B0}"
EndProject
Project("{9A19103F-16F7-4668-BE54-9A1E7A4F7556}") = "F10Y.T0001", "..\..\F10Y.T0001\source\F10Y.T0001\F10Y.T0001.csproj", "{B19DF8AE-CF1D-4147-AA11-F9E675BF64F6}"
EndProject
Project("{9A19103F-16F7-4668-BE54-9A1E7A4F7556}") = "F10Y.T0002", "..\..\F10Y.T0002\source\F10Y.T0002\F10Y.T0002.csproj", "{283D6540-8185-4935-8F84-F51C54846E87}"
EndProject
Project("{9A19103F-16F7-4668-BE54-9A1E7A4F7556}") = "F10Y.T0003", "..\..\F10Y.T0003\source\F10Y.T0003\F10Y.T0003.csproj", "{0F5EEC36-9434-451A-B327-57AAA5FF2493}"
EndProject
Project("{9A19103F-16F7-4668-BE54-9A1E7A4F7556}") = "F10Y.T0011", "..\..\F10Y.T0011\source\F10Y.T0011\F10Y.T0011.csproj", "{F1007A8D-E92D-4522-8008-66173A93478D}"
EndProject
Project("{9A19103F-16F7-4668-BE54-9A1E7A4F7556}") = "F10Y.Y0000", "..\..\F10Y.Y0000\source\F10Y.Y0000\F10Y.Y0000.csproj", "{3F262DB7-AEFB-4504-83B1-768213EC7A07}"
EndProject
Project("{9A19103F-16F7-4668-BE54-9A1E7A4F7556}") = "F10Y.L0001.T000", "..\..\F10Y.L0001\source\F10Y.L0001.T000\F10Y.L0001.T000.csproj", "{74D9CFC3-35C5-4BE7-A5FE-76F2C9B7860E}"
EndProject
Project("{9A19103F-16F7-4668-BE54-9A1E7A4F7556}") = "F10Y.L0005.T001", "..\..\F10Y.L0005\source\F10Y.L0005.T001\F10Y.L0005.T001.csproj", "{E99794DC-117C-4E19-8C00-79D9F057D697}"
EndProject
Project("{9A19103F-16F7-4668-BE54-9A1E7A4F7556}") = "F10Y.L0008.T001", "..\..\F10Y.L0008\source\F10Y.L0008.T001\F10Y.L0008.T001.csproj", "{49E3BF9E-21F4-408B-AE37-634516BC2947}"
EndProject
Project("{9A19103F-16F7-4668-BE54-9A1E7A4F7556}") = "F10Y.L0008.Z000", "..\..\F10Y.L0008\source\F10Y.L0008.Z000\F10Y.L0008.Z000.csproj", "{AFEFBB93-36E3-42C3-BA2A-F971B57EBD6F}"
EndProject
Project("{9A19103F-16F7-4668-BE54-9A1E7A4F7556}") = "F10Y.L0026.T000", "..\..\F10Y.L0026\source\F10Y.L0026.T000\F10Y.L0026.T000.csproj", "{20EF896E-CA9E-471E-BA85-72311ED3304E}"
EndProject
Project("{9A19103F-16F7-4668-BE54-9A1E7A4F7556}") = "F10Y.L0026.T001", "..\..\F10Y.L0026\source\F10Y.L0026.T001\F10Y.L0026.T001.csproj", "{C108A191-645C-4D66-98E5-C0FCBAA19FC5}"
EndProject
Project("{9A19103F-16F7-4668-BE54-9A1E7A4F7556}") = "F10Y.L0026.T003", "..\..\F10Y.L0026\source\F10Y.L0026.T003\F10Y.L0026.T003.csproj", "{96C5938B-CBA1-4F1D-9A54-65C2B55CF3AD}"
EndProject
Project("{9A19103F-16F7-4668-BE54-9A1E7A4F7556}") = "F10Y.L0026.Y000", "..\..\F10Y.L0026\source\F10Y.L0026.Y000\F10Y.L0026.Y000.csproj", "{A0061242-433E-43CA-9BC1-D8BAF88E0E9C}"
EndProject
Project("{9A19103F-16F7-4668-BE54-9A1E7A4F7556}") = "F10Y.L0062.L001.T000", "..\..\F10Y.L0062\source\F10Y.L0062.L001.T000\F10Y.L0062.L001.T000.csproj", "{F37D5E0E-7506-4178-B747-3542CFFE8245}"
EndProject
Project("{9A19103F-16F7-4668-BE54-9A1E7A4F7556}") = "F10Y.L0062.L002.T000", "..\..\F10Y.L0062\source\F10Y.L0062.L002.T000\F10Y.L0062.L002.T000.csproj", "{B522A35B-F78D-42EE-B6E8-8FA338BA95F0}"
EndProject
Project("{9A19103F-16F7-4668-BE54-9A1E7A4F7556}") = "F10Y.L0062.T001", "..\..\F10Y.L0062\source\F10Y.L0062.T001\F10Y.L0062.T001.csproj", "{519E2C9E-0935-4517-8133-9A0B1466696D}"
EndProject
Project("{9A19103F-16F7-4668-BE54-9A1E7A4F7556}") = "F10Y.T0004", "..\..\F10Y.T0004\source\F10Y.T0004\F10Y.T0004.csproj", "{42A21D83-0D3B-47DD-A344-39EEDA17F5E1}"
EndProject
Project("{9A19103F-16F7-4668-BE54-9A1E7A4F7556}") = "F10Y.T0009", "..\..\F10Y.T0009\source\F10Y.T0009\F10Y.T0009.csproj", "{725FAF4A-6FC4-4E33-BC22-2D9D173963BF}"
EndProject
Project("{9A19103F-16F7-4668-BE54-9A1E7A4F7556}") = "F10Y.Z0005", "..\..\F10Y.Z0005\source\F10Y.Z0005\F10Y.Z0005.csproj", "{EA0F9757-6F9A-4D73-8CA6-390AB441A9B1}"
EndProject
Project("{9A19103F-16F7-4668-BE54-9A1E7A4F7556}") = "F10Y.Z0002", "..\..\F10Y.Z0002\source\F10Y.Z0002\F10Y.Z0002.csproj", "{31A0EA83-DCB6-48F6-8BDE-D5743872341E}"
EndProject
Project("{9A19103F-16F7-4668-BE54-9A1E7A4F7556}") = "F10Y.Z0003.Z001", "F10Y.Z0003.Z001\F10Y.Z0003.Z001.csproj", "{28C633BB-CB17-4F11-BDEF-FB60CC86D5FB}"
EndProject
Project("{9A19103F-16F7-4668-BE54-9A1E7A4F7556}") = "F10Y.L0026.T005", "..\..\F10Y.L0026\source\F10Y.L0026.T005\F10Y.L0026.T005.csproj", "{F5BD7532-BD04-4583-84EB-F55305085E13}"
EndProject
Project("{9A19103F-16F7-4668-BE54-9A1E7A4F7556}") = "F10Y.Z0006", "..\..\F10Y.Z0006\source\F10Y.Z0006\F10Y.Z0006.csproj", "{BC3B858C-DCFE-4C6E-A47C-DDDC57C086F4}"
EndProject
Project("{9A19103F-16F7-4668-BE54-9A1E7A4F7556}") = "F10Y.Z0003.Z002", "F10Y.Z0003.Z002\F10Y.Z0003.Z002.csproj", "{5BE7E1D7-8C45-405E-93A0-796EB9A0073A}"
EndProject
Project("{9A19103F-16F7-4668-BE54-9A1E7A4F7556}") = "F10Y.L0026.T002", "..\..\F10Y.L0026\source\F10Y.L0026.T002\F10Y.L0026.T002.csproj", "{A87D456E-F278-4640-BBDC-F6FBBF8D18A9}"
EndProject
Project("{9A19103F-16F7-4668-BE54-9A1E7A4F7556}") = "F10Y.L0026.T004", "..\..\F10Y.L0026\source\F10Y.L0026.T004\F10Y.L0026.T004.csproj", "{80B59E6A-24E0-4D58-ADC9-2938EA34DD86}"
EndProject
Project("{9A19103F-16F7-4668-BE54-9A1E7A4F7556}") = "F10Y.L0062.L003.T000", "..\..\F10Y.L0062\source\F10Y.L0062.L003.T000\F10Y.L0062.L003.T000.csproj", "{5FA8F6F2-6A90-4C09-A0BC-1DB6C5DA79C0}"
EndProject
Project("{9A19103F-16F7-4668-BE54-9A1E7A4F7556}") = "F10Y.Z0005.Z001", "..\..\F10Y.Z0005\source\F10Y.Z0005.Z001\F10Y.Z0005.Z001.csproj", "{FF090972-97BA-4E8C-86E4-D89065D1AC0B}"
EndProject
Project("{9A19103F-16F7-4668-BE54-9A1E7A4F7556}") = "F10Y.Z0005.Z002", "..\..\F10Y.Z0005\source\F10Y.Z0005.Z002\F10Y.Z0005.Z002.csproj", "{72F6B2A3-4565-487F-BA9C-D8A257E59E4F}"
EndProject
Project("{9A19103F-16F7-4668-BE54-9A1E7A4F7556}") = "F10Y.Z0006.Z001", "..\..\F10Y.Z0006\source\F10Y.Z0006.Z001\F10Y.Z0006.Z001.csproj", "{24AB8CD0-0489-4410-B9C2-2F0E13DC224C}"
EndProject
Project("{9A19103F-16F7-4668-BE54-9A1E7A4F7556}") = "F10Y.Z0006.Z002", "..\..\F10Y.Z0006\source\F10Y.Z0006.Z002\F10Y.Z0006.Z002.csproj", "{9AD60A6F-0B1B-472A-939E-6F8453581DC5}"
EndProject
Project("{9A19103F-16F7-4668-BE54-9A1E7A4F7556}") = "F10Y.Z0008", "..\..\F10Y.Z0008\source\F10Y.Z0008\F10Y.Z0008.csproj", "{79453373-633D-48B2-9F50-F2696505DA2B}"
EndProject
Project("{9A19103F-16F7-4668-BE54-9A1E7A4F7556}") = "F10Y.Z0009", "..\..\F10Y.Z0009\source\F10Y.Z0009\F10Y.Z0009.csproj", "{AF37BF27-01E4-4BBE-AD5C-30372F64EF6F}"
EndProject
Project("{9A19103F-16F7-4668-BE54-9A1E7A4F7556}") = "F10Y.L0062.L002.Z000", "..\..\F10Y.L0062\source\F10Y.L0062.L002.Z000\F10Y.L0062.L002.Z000.csproj", "{BE378824-B628-41ED-A7A1-5CCED1378E5C}"
EndProject
Global
	GlobalSection(NestedProjects) = preSolution
		{A97DD525-679B-4F42-ACFF-5AD10F088ED9} = {D53EC9FE-D1DC-4A72-9BC1-5CCB460EA62F}
		{8C9E647E-AFA7-4402-A0CA-7678DD1670B0} = {D53EC9FE-D1DC-4A72-9BC1-5CCB460EA62F}
		{B19DF8AE-CF1D-4147-AA11-F9E675BF64F6} = {D53EC9FE-D1DC-4A72-9BC1-5CCB460EA62F}
		{283D6540-8185-4935-8F84-F51C54846E87} = {D53EC9FE-D1DC-4A72-9BC1-5CCB460EA62F}
		{0F5EEC36-9434-451A-B327-57AAA5FF2493} = {D53EC9FE-D1DC-4A72-9BC1-5CCB460EA62F}
		{F1007A8D-E92D-4522-8008-66173A93478D} = {D53EC9FE-D1DC-4A72-9BC1-5CCB460EA62F}
		{3F262DB7-AEFB-4504-83B1-768213EC7A07} = {D53EC9FE-D1DC-4A72-9BC1-5CCB460EA62F}
		{74D9CFC3-35C5-4BE7-A5FE-76F2C9B7860E} = {D53EC9FE-D1DC-4A72-9BC1-5CCB460EA62F}
		{E99794DC-117C-4E19-8C00-79D9F057D697} = {D53EC9FE-D1DC-4A72-9BC1-5CCB460EA62F}
		{49E3BF9E-21F4-408B-AE37-634516BC2947} = {D53EC9FE-D1DC-4A72-9BC1-5CCB460EA62F}
		{AFEFBB93-36E3-42C3-BA2A-F971B57EBD6F} = {D53EC9FE-D1DC-4A72-9BC1-5CCB460EA62F}
		{20EF896E-CA9E-471E-BA85-72311ED3304E} = {D53EC9FE-D1DC-4A72-9BC1-5CCB460EA62F}
		{C108A191-645C-4D66-98E5-C0FCBAA19FC5} = {D53EC9FE-D1DC-4A72-9BC1-5CCB460EA62F}
		{96C5938B-CBA1-4F1D-9A54-65C2B55CF3AD} = {D53EC9FE-D1DC-4A72-9BC1-5CCB460EA62F}
		{A0061242-433E-43CA-9BC1-D8BAF88E0E9C} = {D53EC9FE-D1DC-4A72-9BC1-5CCB460EA62F}
		{F37D5E0E-7506-4178-B747-3542CFFE8245} = {D53EC9FE-D1DC-4A72-9BC1-5CCB460EA62F}
		{B522A35B-F78D-42EE-B6E8-8FA338BA95F0} = {D53EC9FE-D1DC-4A72-9BC1-5CCB460EA62F}
		{519E2C9E-0935-4517-8133-9A0B1466696D} = {D53EC9FE-D1DC-4A72-9BC1-5CCB460EA62F}
		{42A21D83-0D3B-47DD-A344-39EEDA17F5E1} = {D53EC9FE-D1DC-4A72-9BC1-5CCB460EA62F}
		{725FAF4A-6FC4-4E33-BC22-2D9D173963BF} = {D53EC9FE-D1DC-4A72-9BC1-5CCB460EA62F}
		{EA0F9757-6F9A-4D73-8CA6-390AB441A9B1} = {D53EC9FE-D1DC-4A72-9BC1-5CCB460EA62F}
		{31A0EA83-DCB6-48F6-8BDE-D5743872341E} = {D53EC9FE-D1DC-4A72-9BC1-5CCB460EA62F}
		{F5BD7532-BD04-4583-84EB-F55305085E13} = {D53EC9FE-D1DC-4A72-9BC1-5CCB460EA62F}
		{BC3B858C-DCFE-4C6E-A47C-DDDC57C086F4} = {D53EC9FE-D1DC-4A72-9BC1-5CCB460EA62F}
		{A87D456E-F278-4640-BBDC-F6FBBF8D18A9} = {D53EC9FE-D1DC-4A72-9BC1-5CCB460EA62F}
		{80B59E6A-24E0-4D58-ADC9-2938EA34DD86} = {D53EC9FE-D1DC-4A72-9BC1-5CCB460EA62F}
		{5FA8F6F2-6A90-4C09-A0BC-1DB6C5DA79C0} = {D53EC9FE-D1DC-4A72-9BC1-5CCB460EA62F}
		{FF090972-97BA-4E8C-86E4-D89065D1AC0B} = {D53EC9FE-D1DC-4A72-9BC1-5CCB460EA62F}
		{72F6B2A3-4565-487F-BA9C-D8A257E59E4F} = {D53EC9FE-D1DC-4A72-9BC1-5CCB460EA62F}
		{24AB8CD0-0489-4410-B9C2-2F0E13DC224C} = {D53EC9FE-D1DC-4A72-9BC1-5CCB460EA62F}
		{9AD60A6F-0B1B-472A-939E-6F8453581DC5} = {D53EC9FE-D1DC-4A72-9BC1-5CCB460EA62F}
		{79453373-633D-48B2-9F50-F2696505DA2B} = {D53EC9FE-D1DC-4A72-9BC1-5CCB460EA62F}
		{AF37BF27-01E4-4BBE-AD5C-30372F64EF6F} = {D53EC9FE-D1DC-4A72-9BC1-5CCB460EA62F}
		{BE378824-B628-41ED-A7A1-5CCED1378E5C} = {D53EC9FE-D1DC-4A72-9BC1-5CCB460EA62F}
	EndGlobalSection
	GlobalSection(SolutionConfigurationPlatforms) = preSolution
		Debug|Any CPU = Debug|Any CPU
		Release|Any CPU = Release|Any CPU
	EndGlobalSection
	GlobalSection(ProjectConfigurationPlatforms) = postSolution
		{279BEE7F-90C4-48B4-B822-CB36F8375861}.Debug|Any CPU.ActiveCfg = Debug|Any CPU
		{279BEE7F-90C4-48B4-B822-CB36F8375861}.Debug|Any CPU.Build.0 = Debug|Any CPU
		{279BEE7F-90C4-48B4-B822-CB36F8375861}.Release|Any CPU.ActiveCfg = Release|Any CPU
		{279BEE7F-90C4-48B4-B822-CB36F8375861}.Release|Any CPU.Build.0 = Release|Any CPU
		{92732A1E-218D-42D5-B513-1B9937200925}.Debug|Any CPU.ActiveCfg = Debug|Any CPU
		{92732A1E-218D-42D5-B513-1B9937200925}.Debug|Any CPU.Build.0 = Debug|Any CPU
		{92732A1E-218D-42D5-B513-1B9937200925}.Release|Any CPU.ActiveCfg = Release|Any CPU
		{92732A1E-218D-42D5-B513-1B9937200925}.Release|Any CPU.Build.0 = Release|Any CPU
		{8E326270-CD24-4C57-B121-EA84A15EDFC2}.Debug|Any CPU.ActiveCfg = Debug|Any CPU
		{8E326270-CD24-4C57-B121-EA84A15EDFC2}.Debug|Any CPU.Build.0 = Debug|Any CPU
		{8E326270-CD24-4C57-B121-EA84A15EDFC2}.Release|Any CPU.ActiveCfg = Release|Any CPU
		{8E326270-CD24-4C57-B121-EA84A15EDFC2}.Release|Any CPU.Build.0 = Release|Any CPU
		{A97DD525-679B-4F42-ACFF-5AD10F088ED9}.Debug|Any CPU.ActiveCfg = Debug|Any CPU
		{A97DD525-679B-4F42-ACFF-5AD10F088ED9}.Debug|Any CPU.Build.0 = Debug|Any CPU
		{A97DD525-679B-4F42-ACFF-5AD10F088ED9}.Release|Any CPU.ActiveCfg = Release|Any CPU
		{A97DD525-679B-4F42-ACFF-5AD10F088ED9}.Release|Any CPU.Build.0 = Release|Any CPU
		{8C9E647E-AFA7-4402-A0CA-7678DD1670B0}.Debug|Any CPU.ActiveCfg = Debug|Any CPU
		{8C9E647E-AFA7-4402-A0CA-7678DD1670B0}.Debug|Any CPU.Build.0 = Debug|Any CPU
		{8C9E647E-AFA7-4402-A0CA-7678DD1670B0}.Release|Any CPU.ActiveCfg = Release|Any CPU
		{8C9E647E-AFA7-4402-A0CA-7678DD1670B0}.Release|Any CPU.Build.0 = Release|Any CPU
		{B19DF8AE-CF1D-4147-AA11-F9E675BF64F6}.Debug|Any CPU.ActiveCfg = Debug|Any CPU
		{B19DF8AE-CF1D-4147-AA11-F9E675BF64F6}.Debug|Any CPU.Build.0 = Debug|Any CPU
		{B19DF8AE-CF1D-4147-AA11-F9E675BF64F6}.Release|Any CPU.ActiveCfg = Release|Any CPU
		{B19DF8AE-CF1D-4147-AA11-F9E675BF64F6}.Release|Any CPU.Build.0 = Release|Any CPU
		{283D6540-8185-4935-8F84-F51C54846E87}.Debug|Any CPU.ActiveCfg = Debug|Any CPU
		{283D6540-8185-4935-8F84-F51C54846E87}.Debug|Any CPU.Build.0 = Debug|Any CPU
		{283D6540-8185-4935-8F84-F51C54846E87}.Release|Any CPU.ActiveCfg = Release|Any CPU
		{283D6540-8185-4935-8F84-F51C54846E87}.Release|Any CPU.Build.0 = Release|Any CPU
		{0F5EEC36-9434-451A-B327-57AAA5FF2493}.Debug|Any CPU.ActiveCfg = Debug|Any CPU
		{0F5EEC36-9434-451A-B327-57AAA5FF2493}.Debug|Any CPU.Build.0 = Debug|Any CPU
		{0F5EEC36-9434-451A-B327-57AAA5FF2493}.Release|Any CPU.ActiveCfg = Release|Any CPU
		{0F5EEC36-9434-451A-B327-57AAA5FF2493}.Release|Any CPU.Build.0 = Release|Any CPU
		{F1007A8D-E92D-4522-8008-66173A93478D}.Debug|Any CPU.ActiveCfg = Debug|Any CPU
		{F1007A8D-E92D-4522-8008-66173A93478D}.Debug|Any CPU.Build.0 = Debug|Any CPU
		{F1007A8D-E92D-4522-8008-66173A93478D}.Release|Any CPU.ActiveCfg = Release|Any CPU
		{F1007A8D-E92D-4522-8008-66173A93478D}.Release|Any CPU.Build.0 = Release|Any CPU
		{3F262DB7-AEFB-4504-83B1-768213EC7A07}.Debug|Any CPU.ActiveCfg = Debug|Any CPU
		{3F262DB7-AEFB-4504-83B1-768213EC7A07}.Debug|Any CPU.Build.0 = Debug|Any CPU
		{3F262DB7-AEFB-4504-83B1-768213EC7A07}.Release|Any CPU.ActiveCfg = Release|Any CPU
		{3F262DB7-AEFB-4504-83B1-768213EC7A07}.Release|Any CPU.Build.0 = Release|Any CPU
		{74D9CFC3-35C5-4BE7-A5FE-76F2C9B7860E}.Debug|Any CPU.ActiveCfg = Debug|Any CPU
		{74D9CFC3-35C5-4BE7-A5FE-76F2C9B7860E}.Debug|Any CPU.Build.0 = Debug|Any CPU
		{74D9CFC3-35C5-4BE7-A5FE-76F2C9B7860E}.Release|Any CPU.ActiveCfg = Release|Any CPU
		{74D9CFC3-35C5-4BE7-A5FE-76F2C9B7860E}.Release|Any CPU.Build.0 = Release|Any CPU
		{E99794DC-117C-4E19-8C00-79D9F057D697}.Debug|Any CPU.ActiveCfg = Debug|Any CPU
		{E99794DC-117C-4E19-8C00-79D9F057D697}.Debug|Any CPU.Build.0 = Debug|Any CPU
		{E99794DC-117C-4E19-8C00-79D9F057D697}.Release|Any CPU.ActiveCfg = Release|Any CPU
		{E99794DC-117C-4E19-8C00-79D9F057D697}.Release|Any CPU.Build.0 = Release|Any CPU
		{49E3BF9E-21F4-408B-AE37-634516BC2947}.Debug|Any CPU.ActiveCfg = Debug|Any CPU
		{49E3BF9E-21F4-408B-AE37-634516BC2947}.Debug|Any CPU.Build.0 = Debug|Any CPU
		{49E3BF9E-21F4-408B-AE37-634516BC2947}.Release|Any CPU.ActiveCfg = Release|Any CPU
		{49E3BF9E-21F4-408B-AE37-634516BC2947}.Release|Any CPU.Build.0 = Release|Any CPU
		{AFEFBB93-36E3-42C3-BA2A-F971B57EBD6F}.Debug|Any CPU.ActiveCfg = Debug|Any CPU
		{AFEFBB93-36E3-42C3-BA2A-F971B57EBD6F}.Debug|Any CPU.Build.0 = Debug|Any CPU
		{AFEFBB93-36E3-42C3-BA2A-F971B57EBD6F}.Release|Any CPU.ActiveCfg = Release|Any CPU
		{AFEFBB93-36E3-42C3-BA2A-F971B57EBD6F}.Release|Any CPU.Build.0 = Release|Any CPU
		{20EF896E-CA9E-471E-BA85-72311ED3304E}.Debug|Any CPU.ActiveCfg = Debug|Any CPU
		{20EF896E-CA9E-471E-BA85-72311ED3304E}.Debug|Any CPU.Build.0 = Debug|Any CPU
		{20EF896E-CA9E-471E-BA85-72311ED3304E}.Release|Any CPU.ActiveCfg = Release|Any CPU
		{20EF896E-CA9E-471E-BA85-72311ED3304E}.Release|Any CPU.Build.0 = Release|Any CPU
		{C108A191-645C-4D66-98E5-C0FCBAA19FC5}.Debug|Any CPU.ActiveCfg = Debug|Any CPU
		{C108A191-645C-4D66-98E5-C0FCBAA19FC5}.Debug|Any CPU.Build.0 = Debug|Any CPU
		{C108A191-645C-4D66-98E5-C0FCBAA19FC5}.Release|Any CPU.ActiveCfg = Release|Any CPU
		{C108A191-645C-4D66-98E5-C0FCBAA19FC5}.Release|Any CPU.Build.0 = Release|Any CPU
		{96C5938B-CBA1-4F1D-9A54-65C2B55CF3AD}.Debug|Any CPU.ActiveCfg = Debug|Any CPU
		{96C5938B-CBA1-4F1D-9A54-65C2B55CF3AD}.Debug|Any CPU.Build.0 = Debug|Any CPU
		{96C5938B-CBA1-4F1D-9A54-65C2B55CF3AD}.Release|Any CPU.ActiveCfg = Release|Any CPU
		{96C5938B-CBA1-4F1D-9A54-65C2B55CF3AD}.Release|Any CPU.Build.0 = Release|Any CPU
		{A0061242-433E-43CA-9BC1-D8BAF88E0E9C}.Debug|Any CPU.ActiveCfg = Debug|Any CPU
		{A0061242-433E-43CA-9BC1-D8BAF88E0E9C}.Debug|Any CPU.Build.0 = Debug|Any CPU
		{A0061242-433E-43CA-9BC1-D8BAF88E0E9C}.Release|Any CPU.ActiveCfg = Release|Any CPU
		{A0061242-433E-43CA-9BC1-D8BAF88E0E9C}.Release|Any CPU.Build.0 = Release|Any CPU
		{F37D5E0E-7506-4178-B747-3542CFFE8245}.Debug|Any CPU.ActiveCfg = Debug|Any CPU
		{F37D5E0E-7506-4178-B747-3542CFFE8245}.Debug|Any CPU.Build.0 = Debug|Any CPU
		{F37D5E0E-7506-4178-B747-3542CFFE8245}.Release|Any CPU.ActiveCfg = Release|Any CPU
		{F37D5E0E-7506-4178-B747-3542CFFE8245}.Release|Any CPU.Build.0 = Release|Any CPU
		{B522A35B-F78D-42EE-B6E8-8FA338BA95F0}.Debug|Any CPU.ActiveCfg = Debug|Any CPU
		{B522A35B-F78D-42EE-B6E8-8FA338BA95F0}.Debug|Any CPU.Build.0 = Debug|Any CPU
		{B522A35B-F78D-42EE-B6E8-8FA338BA95F0}.Release|Any CPU.ActiveCfg = Release|Any CPU
		{B522A35B-F78D-42EE-B6E8-8FA338BA95F0}.Release|Any CPU.Build.0 = Release|Any CPU
		{519E2C9E-0935-4517-8133-9A0B1466696D}.Debug|Any CPU.ActiveCfg = Debug|Any CPU
		{519E2C9E-0935-4517-8133-9A0B1466696D}.Debug|Any CPU.Build.0 = Debug|Any CPU
		{519E2C9E-0935-4517-8133-9A0B1466696D}.Release|Any CPU.ActiveCfg = Release|Any CPU
		{519E2C9E-0935-4517-8133-9A0B1466696D}.Release|Any CPU.Build.0 = Release|Any CPU
		{42A21D83-0D3B-47DD-A344-39EEDA17F5E1}.Debug|Any CPU.ActiveCfg = Debug|Any CPU
		{42A21D83-0D3B-47DD-A344-39EEDA17F5E1}.Debug|Any CPU.Build.0 = Debug|Any CPU
		{42A21D83-0D3B-47DD-A344-39EEDA17F5E1}.Release|Any CPU.ActiveCfg = Release|Any CPU
		{42A21D83-0D3B-47DD-A344-39EEDA17F5E1}.Release|Any CPU.Build.0 = Release|Any CPU
		{725FAF4A-6FC4-4E33-BC22-2D9D173963BF}.Debug|Any CPU.ActiveCfg = Debug|Any CPU
		{725FAF4A-6FC4-4E33-BC22-2D9D173963BF}.Debug|Any CPU.Build.0 = Debug|Any CPU
		{725FAF4A-6FC4-4E33-BC22-2D9D173963BF}.Release|Any CPU.ActiveCfg = Release|Any CPU
		{725FAF4A-6FC4-4E33-BC22-2D9D173963BF}.Release|Any CPU.Build.0 = Release|Any CPU
		{EA0F9757-6F9A-4D73-8CA6-390AB441A9B1}.Debug|Any CPU.ActiveCfg = Debug|Any CPU
		{EA0F9757-6F9A-4D73-8CA6-390AB441A9B1}.Debug|Any CPU.Build.0 = Debug|Any CPU
		{EA0F9757-6F9A-4D73-8CA6-390AB441A9B1}.Release|Any CPU.ActiveCfg = Release|Any CPU
		{EA0F9757-6F9A-4D73-8CA6-390AB441A9B1}.Release|Any CPU.Build.0 = Release|Any CPU
		{31A0EA83-DCB6-48F6-8BDE-D5743872341E}.Debug|Any CPU.ActiveCfg = Debug|Any CPU
		{31A0EA83-DCB6-48F6-8BDE-D5743872341E}.Debug|Any CPU.Build.0 = Debug|Any CPU
		{31A0EA83-DCB6-48F6-8BDE-D5743872341E}.Release|Any CPU.ActiveCfg = Release|Any CPU
		{31A0EA83-DCB6-48F6-8BDE-D5743872341E}.Release|Any CPU.Build.0 = Release|Any CPU
		{28C633BB-CB17-4F11-BDEF-FB60CC86D5FB}.Debug|Any CPU.ActiveCfg = Debug|Any CPU
		{28C633BB-CB17-4F11-BDEF-FB60CC86D5FB}.Debug|Any CPU.Build.0 = Debug|Any CPU
		{28C633BB-CB17-4F11-BDEF-FB60CC86D5FB}.Release|Any CPU.ActiveCfg = Release|Any CPU
		{28C633BB-CB17-4F11-BDEF-FB60CC86D5FB}.Release|Any CPU.Build.0 = Release|Any CPU
		{F5BD7532-BD04-4583-84EB-F55305085E13}.Debug|Any CPU.ActiveCfg = Debug|Any CPU
		{F5BD7532-BD04-4583-84EB-F55305085E13}.Debug|Any CPU.Build.0 = Debug|Any CPU
		{F5BD7532-BD04-4583-84EB-F55305085E13}.Release|Any CPU.ActiveCfg = Release|Any CPU
		{F5BD7532-BD04-4583-84EB-F55305085E13}.Release|Any CPU.Build.0 = Release|Any CPU
		{BC3B858C-DCFE-4C6E-A47C-DDDC57C086F4}.Debug|Any CPU.ActiveCfg = Debug|Any CPU
		{BC3B858C-DCFE-4C6E-A47C-DDDC57C086F4}.Debug|Any CPU.Build.0 = Debug|Any CPU
		{BC3B858C-DCFE-4C6E-A47C-DDDC57C086F4}.Release|Any CPU.ActiveCfg = Release|Any CPU
		{BC3B858C-DCFE-4C6E-A47C-DDDC57C086F4}.Release|Any CPU.Build.0 = Release|Any CPU
		{5BE7E1D7-8C45-405E-93A0-796EB9A0073A}.Debug|Any CPU.ActiveCfg = Debug|Any CPU
		{5BE7E1D7-8C45-405E-93A0-796EB9A0073A}.Debug|Any CPU.Build.0 = Debug|Any CPU
		{5BE7E1D7-8C45-405E-93A0-796EB9A0073A}.Release|Any CPU.ActiveCfg = Release|Any CPU
		{5BE7E1D7-8C45-405E-93A0-796EB9A0073A}.Release|Any CPU.Build.0 = Release|Any CPU
		{A87D456E-F278-4640-BBDC-F6FBBF8D18A9}.Debug|Any CPU.ActiveCfg = Debug|Any CPU
		{A87D456E-F278-4640-BBDC-F6FBBF8D18A9}.Debug|Any CPU.Build.0 = Debug|Any CPU
		{A87D456E-F278-4640-BBDC-F6FBBF8D18A9}.Release|Any CPU.ActiveCfg = Release|Any CPU
		{A87D456E-F278-4640-BBDC-F6FBBF8D18A9}.Release|Any CPU.Build.0 = Release|Any CPU
		{80B59E6A-24E0-4D58-ADC9-2938EA34DD86}.Debug|Any CPU.ActiveCfg = Debug|Any CPU
		{80B59E6A-24E0-4D58-ADC9-2938EA34DD86}.Debug|Any CPU.Build.0 = Debug|Any CPU
		{80B59E6A-24E0-4D58-ADC9-2938EA34DD86}.Release|Any CPU.ActiveCfg = Release|Any CPU
		{80B59E6A-24E0-4D58-ADC9-2938EA34DD86}.Release|Any CPU.Build.0 = Release|Any CPU
		{5FA8F6F2-6A90-4C09-A0BC-1DB6C5DA79C0}.Debug|Any CPU.ActiveCfg = Debug|Any CPU
		{5FA8F6F2-6A90-4C09-A0BC-1DB6C5DA79C0}.Debug|Any CPU.Build.0 = Debug|Any CPU
		{5FA8F6F2-6A90-4C09-A0BC-1DB6C5DA79C0}.Release|Any CPU.ActiveCfg = Release|Any CPU
		{5FA8F6F2-6A90-4C09-A0BC-1DB6C5DA79C0}.Release|Any CPU.Build.0 = Release|Any CPU
		{FF090972-97BA-4E8C-86E4-D89065D1AC0B}.Debug|Any CPU.ActiveCfg = Debug|Any CPU
		{FF090972-97BA-4E8C-86E4-D89065D1AC0B}.Debug|Any CPU.Build.0 = Debug|Any CPU
		{FF090972-97BA-4E8C-86E4-D89065D1AC0B}.Release|Any CPU.ActiveCfg = Release|Any CPU
		{FF090972-97BA-4E8C-86E4-D89065D1AC0B}.Release|Any CPU.Build.0 = Release|Any CPU
		{72F6B2A3-4565-487F-BA9C-D8A257E59E4F}.Debug|Any CPU.ActiveCfg = Debug|Any CPU
		{72F6B2A3-4565-487F-BA9C-D8A257E59E4F}.Debug|Any CPU.Build.0 = Debug|Any CPU
		{72F6B2A3-4565-487F-BA9C-D8A257E59E4F}.Release|Any CPU.ActiveCfg = Release|Any CPU
		{72F6B2A3-4565-487F-BA9C-D8A257E59E4F}.Release|Any CPU.Build.0 = Release|Any CPU
		{24AB8CD0-0489-4410-B9C2-2F0E13DC224C}.Debug|Any CPU.ActiveCfg = Debug|Any CPU
		{24AB8CD0-0489-4410-B9C2-2F0E13DC224C}.Debug|Any CPU.Build.0 = Debug|Any CPU
		{24AB8CD0-0489-4410-B9C2-2F0E13DC224C}.Release|Any CPU.ActiveCfg = Release|Any CPU
		{24AB8CD0-0489-4410-B9C2-2F0E13DC224C}.Release|Any CPU.Build.0 = Release|Any CPU
		{9AD60A6F-0B1B-472A-939E-6F8453581DC5}.Debug|Any CPU.ActiveCfg = Debug|Any CPU
		{9AD60A6F-0B1B-472A-939E-6F8453581DC5}.Debug|Any CPU.Build.0 = Debug|Any CPU
		{9AD60A6F-0B1B-472A-939E-6F8453581DC5}.Release|Any CPU.ActiveCfg = Release|Any CPU
		{9AD60A6F-0B1B-472A-939E-6F8453581DC5}.Release|Any CPU.Build.0 = Release|Any CPU
		{79453373-633D-48B2-9F50-F2696505DA2B}.Debug|Any CPU.ActiveCfg = Debug|Any CPU
		{79453373-633D-48B2-9F50-F2696505DA2B}.Debug|Any CPU.Build.0 = Debug|Any CPU
		{79453373-633D-48B2-9F50-F2696505DA2B}.Release|Any CPU.ActiveCfg = Release|Any CPU
		{79453373-633D-48B2-9F50-F2696505DA2B}.Release|Any CPU.Build.0 = Release|Any CPU
		{AF37BF27-01E4-4BBE-AD5C-30372F64EF6F}.Debug|Any CPU.ActiveCfg = Debug|Any CPU
		{AF37BF27-01E4-4BBE-AD5C-30372F64EF6F}.Debug|Any CPU.Build.0 = Debug|Any CPU
		{AF37BF27-01E4-4BBE-AD5C-30372F64EF6F}.Release|Any CPU.ActiveCfg = Release|Any CPU
		{AF37BF27-01E4-4BBE-AD5C-30372F64EF6F}.Release|Any CPU.Build.0 = Release|Any CPU
		{BE378824-B628-41ED-A7A1-5CCED1378E5C}.Debug|Any CPU.ActiveCfg = Debug|Any CPU
		{BE378824-B628-41ED-A7A1-5CCED1378E5C}.Debug|Any CPU.Build.0 = Debug|Any CPU
		{BE378824-B628-41ED-A7A1-5CCED1378E5C}.Release|Any CPU.ActiveCfg = Release|Any CPU
		{BE378824-B628-41ED-A7A1-5CCED1378E5C}.Release|Any CPU.Build.0 = Release|Any CPU
	EndGlobalSection
	GlobalSection(SolutionProperties) = preSolution
		HideSolutionNode = FALSE
	EndGlobalSection
	GlobalSection(ExtensibilityGlobals) = postSolution
		SolutionGuid = {581307F6-A7A2-496D-AA77-B10AB03C1274}
	EndGlobalSection
EndGlobal
